<?xml version="1.0" encoding="utf-8"?>
<Project ToolsVersion="4.0" xmlns="http://schemas.microsoft.com/developer/msbuild/2003">
  <ItemGroup>
    <Filter Include="Triton2">
      <UniqueIdentifier>{D7337557-4313-F4F2-4C2B-7FC9B8895A54}</UniqueIdentifier>
    </Filter>
    <Filter Include="Triton2\Core">
      <UniqueIdentifier>{8F56AB38-7BB9-3ADD-243F-739310810660}</UniqueIdentifier>
    </Filter>
    <Filter Include="Triton2\Core\Extension">
      <UniqueIdentifier>{7BEC72A5-67E6-9BF7-5053-32083CEC0164}</UniqueIdentifier>
    </Filter>
    <Filter Include="Triton2\File">
      <UniqueIdentifier>{66E1AC38-5244-3CDD-FBC9-7493E70B0860}</UniqueIdentifier>
    </Filter>
    <Filter Include="Triton2\File\Formats">
      <UniqueIdentifier>{11924E65-FD20-D82E-A63F-EC2992ADE8D4}</UniqueIdentifier>
    </Filter>
    <Filter Include="Triton2\File\Formats\v_00_00_00">
      <UniqueIdentifier>{F38768F3-5F6B-7733-686E-A56FD4D03D84}</UniqueIdentifier>
    </Filter>
    <Filter Include="Triton2\Instance">
      <UniqueIdentifier>{9B70AEF4-8769-CD46-B09B-B2CB9CF3AC52}</UniqueIdentifier>
    </Filter>
    <Filter Include="Triton2\Scene">
      <UniqueIdentifier>{34E6304F-A0A6-AC85-69E1-F502D560F161}</UniqueIdentifier>
    </Filter>
    <Filter Include="Triton2\Utility">
      <UniqueIdentifier>{1AD9E6A0-8664-5465-8F75-D759FB7FB065}</UniqueIdentifier>
    </Filter>
    <Filter Include="TritonTypes">
      <UniqueIdentifier>{3ACCB4B6-A681-2DAC-2F76-27839B2A24B0}</UniqueIdentifier>
    </Filter>
  </ItemGroup>
  <ItemGroup>
    <ClInclude Include="src\TRpch.h" />
    <ClInclude Include="src\Triton2\Assert.h">
      <Filter>Triton2</Filter>
    </ClInclude>
    <ClInclude Include="src\Triton2\Core\AssetManager.h">
      <Filter>Triton2\Core</Filter>
    </ClInclude>
    <ClInclude Include="src\Triton2\Core\Extension\Entity.h">
      <Filter>Triton2\Core\Extension</Filter>
    </ClInclude>
    <ClInclude Include="src\Triton2\Core\Extension\Graphics.h">
      <Filter>Triton2\Core\Extension</Filter>
    </ClInclude>
    <ClInclude Include="src\Triton2\Core\Extension\Rendering.h">
      <Filter>Triton2\Core\Extension</Filter>
    </ClInclude>
    <ClInclude Include="src\Triton2\Core\SceneManager.h">
      <Filter>Triton2\Core</Filter>
    </ClInclude>
    <ClInclude Include="src\Triton2\Core\ThreadPool.h">
      <Filter>Triton2\Core</Filter>
    </ClInclude>
    <ClInclude Include="src\Triton2\File\File.h">
      <Filter>Triton2\File</Filter>
    </ClInclude>
    <ClInclude Include="src\Triton2\File\FormatDefinitions.h">
      <Filter>Triton2\File</Filter>
    </ClInclude>
    <ClInclude Include="src\Triton2\File\Formats\v_00_00_00\v_00_00_00.h">
      <Filter>Triton2\File\Formats\v_00_00_00</Filter>
    </ClInclude>
    <ClInclude Include="src\Triton2\File\Serializable.h">
      <Filter>Triton2\File</Filter>
    </ClInclude>
    <ClInclude Include="src\Triton2\File\Serialize.h">
      <Filter>Triton2\File</Filter>
    </ClInclude>
    <ClInclude Include="src\Triton2\Instance\Engine.h">
      <Filter>Triton2\Instance</Filter>
    </ClInclude>
    <ClInclude Include="src\Triton2\Limits.h">
      <Filter>Triton2</Filter>
    </ClInclude>
    <ClInclude Include="src\Triton2\Scene\Camera.h">
      <Filter>Triton2\Scene</Filter>
    </ClInclude>
    <ClInclude Include="src\Triton2\Scene\ECS.h">
      <Filter>Triton2\Scene</Filter>
    </ClInclude>
    <ClInclude Include="src\Triton2\Scene\Lighting.h">
      <Filter>Triton2\Scene</Filter>
    </ClInclude>
    <ClInclude Include="src\Triton2\Scene\Scene.h">
      <Filter>Triton2\Scene</Filter>
    </ClInclude>
    <ClInclude Include="src\Triton2\Triton.h">
      <Filter>Triton2</Filter>
    </ClInclude>
    <ClInclude Include="src\Triton2\Utility\Algorithm.h">
      <Filter>Triton2\Utility</Filter>
    </ClInclude>
    <ClInclude Include="src\Triton2\Utility\Log.h">
      <Filter>Triton2\Utility</Filter>
    </ClInclude>
    <ClInclude Include="src\Triton2\Utility\Timer.h">
      <Filter>Triton2\Utility</Filter>
    </ClInclude>
    <ClInclude Include="src\TritonTypes\Asset.h">
      <Filter>TritonTypes</Filter>
    </ClInclude>
    <ClInclude Include="src\TritonTypes\AssetDictionary.h">
      <Filter>TritonTypes</Filter>
    </ClInclude>
    <ClInclude Include="src\TritonTypes\Flags.h">
      <Filter>TritonTypes</Filter>
    </ClInclude>
    <ClInclude Include="src\TritonTypes\IO.h">
      <Filter>TritonTypes</Filter>
    </ClInclude>
    <ClInclude Include="src\TritonTypes\IO2.h">
      <Filter>TritonTypes</Filter>
    </ClInclude>
    <ClInclude Include="src\TritonTypes\Settings.h">
      <Filter>TritonTypes</Filter>
    </ClInclude>
    <ClInclude Include="src\TritonTypes\ShaderBuffers.h">
      <Filter>TritonTypes</Filter>
    </ClInclude>
    <ClInclude Include="src\TritonTypes\ThreadSynchronizer.h">
      <Filter>TritonTypes</Filter>
    </ClInclude>
    <ClInclude Include="src\TritonTypes\data_collection.h">
      <Filter>TritonTypes</Filter>
    </ClInclude>
    <ClInclude Include="src\TritonTypes\reference.h">
      <Filter>TritonTypes</Filter>
    </ClInclude>
    <ClInclude Include="src\TritonTypes\relay_ptr.h">
      <Filter>TritonTypes</Filter>
    </ClInclude>
    <ClInclude Include="src\Triton2\Core\Extension\Text.h" />
  </ItemGroup>
  <ItemGroup>
    <ClCompile Include="src\TRpch.cpp" />
    <ClCompile Include="src\Triton2\Core\AssetManager.cpp">
      <Filter>Triton2\Core</Filter>
    </ClCompile>
    <ClCompile Include="src\Triton2\Core\Extension\Entity.cpp">
      <Filter>Triton2\Core\Extension</Filter>
    </ClCompile>
    <ClCompile Include="src\Triton2\Core\Extension\Graphics.cpp">
      <Filter>Triton2\Core\Extension</Filter>
    </ClCompile>
    <ClCompile Include="src\Triton2\Core\Extension\Rendering.cpp">
      <Filter>Triton2\Core\Extension</Filter>
    </ClCompile>
    <ClCompile Include="src\Triton2\Core\SceneManager.cpp">
      <Filter>Triton2\Core</Filter>
    </ClCompile>
    <ClCompile Include="src\Triton2\Core\ThreadPool.cpp">
      <Filter>Triton2\Core</Filter>
    </ClCompile>
    <ClCompile Include="src\Triton2\File\File.cpp">
      <Filter>Triton2\File</Filter>
    </ClCompile>
    <ClCompile Include="src\Triton2\File\FormatDefinitions.cpp">
      <Filter>Triton2\File</Filter>
    </ClCompile>
    <ClCompile Include="src\Triton2\File\Formats\v_00_00_00\v_00_00_00.cpp">
      <Filter>Triton2\File\Formats\v_00_00_00</Filter>
    </ClCompile>
    <ClCompile Include="src\Triton2\File\Serializable.cpp">
      <Filter>Triton2\File</Filter>
    </ClCompile>
    <ClCompile Include="src\Triton2\Instance\Engine.cpp">
      <Filter>Triton2\Instance</Filter>
    </ClCompile>
    <ClCompile Include="src\Triton2\Scene\Camera.cpp">
      <Filter>Triton2\Scene</Filter>
    </ClCompile>
    <ClCompile Include="src\Triton2\Scene\ECS.cpp">
      <Filter>Triton2\Scene</Filter>
    </ClCompile>
    <ClCompile Include="src\Triton2\Scene\Lighting.cpp">
      <Filter>Triton2\Scene</Filter>
    </ClCompile>
    <ClCompile Include="src\Triton2\Scene\Scene.cpp">
      <Filter>Triton2\Scene</Filter>
    </ClCompile>
    <ClCompile Include="src\Triton2\Utility\Algorithm.cpp">
      <Filter>Triton2\Utility</Filter>
    </ClCompile>
    <ClCompile Include="src\Triton2\Utility\Log.cpp">
      <Filter>Triton2\Utility</Filter>
    </ClCompile>
    <ClCompile Include="src\Triton2\Utility\Timer.cpp">
      <Filter>Triton2\Utility</Filter>
    </ClCompile>
    <ClCompile Include="src\TritonTypes\Asset.cpp">
      <Filter>TritonTypes</Filter>
    </ClCompile>
    <ClCompile Include="src\TritonTypes\AssetDictionary.cpp">
      <Filter>TritonTypes</Filter>
    </ClCompile>
    <ClCompile Include="src\TritonTypes\ShaderBuffers.cpp">
      <Filter>TritonTypes</Filter>
    </ClCompile>
    <ClCompile Include="src\TritonTypes\ThreadSynchronizer.cpp">
      <Filter>TritonTypes</Filter>
    </ClCompile>
    <ClCompile Include="src\Triton2\Core\Extension\Text.cpp" />
  </ItemGroup>
</Project>