<?xml version="1.0" encoding="utf-8"?>
<Project ToolsVersion="4.0" xmlns="http://schemas.microsoft.com/developer/msbuild/2003">
  <ItemGroup>
    <Filter Include="Triton">
      <UniqueIdentifier>{05D31AD4-F174-45AA-DA2F-59FEC670CCFA}</UniqueIdentifier>
    </Filter>
    <Filter Include="Triton\Core">
      <UniqueIdentifier>{7DA2F9B3-E957-72A9-724C-6C80DE0069AD}</UniqueIdentifier>
    </Filter>
    <Filter Include="Triton\Core\Data">
      <UniqueIdentifier>{062E5D22-F226-7C74-1B59-61F907B15B80}</UniqueIdentifier>
    </Filter>
    <Filter Include="Triton\Core\Graphics">
      <UniqueIdentifier>{5D870C00-4916-96C9-F234-AAC4DEA2A66F}</UniqueIdentifier>
    </Filter>
    <Filter Include="Triton\Core\Graphics\Lighting">
      <UniqueIdentifier>{82B3D0E8-EECB-B712-B778-47AC23504CAC}</UniqueIdentifier>
    </Filter>
    <Filter Include="Triton\Core\Math">
      <UniqueIdentifier>{761D6222-6216-8174-8B48-66F977A06080}</UniqueIdentifier>
    </Filter>
    <Filter Include="Triton\Core\Renderer">
      <UniqueIdentifier>{C302A45B-AF91-2D25-58B0-4120441E3ECB}</UniqueIdentifier>
    </Filter>
    <Filter Include="Triton\Core\Renderer\Actions">
      <UniqueIdentifier>{63E34C4E-4F9E-3CFA-F855-B544E4EF868A}</UniqueIdentifier>
    </Filter>
    <Filter Include="Triton\Core\Shader">
      <UniqueIdentifier>{8383D251-6F67-93A7-D8C7-8DFAC4CA7D29}</UniqueIdentifier>
    </Filter>
    <Filter Include="Triton\Events">
      <UniqueIdentifier>{49470E9E-B507-8AD4-7E42-D351EAC1CEB0}</UniqueIdentifier>
    </Filter>
    <Filter Include="Triton\File">
      <UniqueIdentifier>{542DFBB3-C0E2-73A9-49D7-6D80B58B6AAD}</UniqueIdentifier>
    </Filter>
    <Filter Include="Triton\Logger">
      <UniqueIdentifier>{34B1E4AD-A071-60E4-69AC-A961D52BA5C0}</UniqueIdentifier>
    </Filter>
    <Filter Include="Triton\State">
      <UniqueIdentifier>{15F25134-0155-E1D8-AADA-198F961CAD5B}</UniqueIdentifier>
    </Filter>
    <Filter Include="TritonTypes">
      <UniqueIdentifier>{3ACCB4B6-A681-2DAC-2F76-27839B2A24B0}</UniqueIdentifier>
    </Filter>
    <Filter Include="TritonTypes\Interfaces">
      <UniqueIdentifier>{4DD828D2-39D2-5124-223F-E8340ED8B790}</UniqueIdentifier>
    </Filter>
  </ItemGroup>
  <ItemGroup>
    <ClInclude Include="src\TRpch.h" />
    <ClInclude Include="src\Triton.h" />
    <ClInclude Include="src\Triton\Application.h">
      <Filter>Triton</Filter>
    </ClInclude>
    <ClInclude Include="src\Triton\Config.h">
      <Filter>Triton</Filter>
    </ClInclude>
    <ClInclude Include="src\Triton\Events\ApplicationEvent.h">
      <Filter>Triton\Events</Filter>
    </ClInclude>
    <ClInclude Include="src\Triton\Events\EventManager.h">
      <Filter>Triton\Events</Filter>
    </ClInclude>
    <ClInclude Include="src\Triton\Events\EventReceiver.h">
      <Filter>Triton\Events</Filter>
    </ClInclude>
    <ClInclude Include="src\Triton\Events\Events.h">
      <Filter>Triton\Events</Filter>
    </ClInclude>
    <ClInclude Include="src\Triton\Events\KeyEvent.h">
      <Filter>Triton\Events</Filter>
    </ClInclude>
    <ClInclude Include="src\Triton\Events\MouseEvent.h">
      <Filter>Triton\Events</Filter>
    </ClInclude>
    <ClInclude Include="src\Triton\File\File.h">
      <Filter>Triton\File</Filter>
    </ClInclude>
    <ClInclude Include="src\Triton\Limits.h">
      <Filter>Triton</Filter>
    </ClInclude>
    <ClInclude Include="src\Triton\Logger\Log.h">
      <Filter>Triton\Logger</Filter>
    </ClInclude>
    <ClInclude Include="src\Triton\TRMacros.h">
      <Filter>Triton</Filter>
    </ClInclude>
    <ClInclude Include="src\TritonTypes\Interfaces\ISerializable.h">
      <Filter>TritonTypes\Interfaces</Filter>
    </ClInclude>
    <ClInclude Include="src\TritonTypes\Interfaces\IStateChanger.h">
      <Filter>TritonTypes\Interfaces</Filter>
    </ClInclude>
    <ClInclude Include="src\TritonTypes\data_collection.h">
      <Filter>TritonTypes</Filter>
    </ClInclude>
    <ClInclude Include="src\TritonTypes\relay_ptr.h">
      <Filter>TritonTypes</Filter>
    </ClInclude>
    <ClInclude Include="src\TritonTypes\mathematical.h" />
    <ClInclude Include="src\Triton\EntryPoint.h" />
    <ClInclude Include="src\Triton\Camera\Camera.h" />
    <ClInclude Include="src\Triton\Core\Scene.h" />
    <ClInclude Include="src\Triton\Entity\Components\TritonComponents.h" />
    <ClInclude Include="src\Triton\Entity\Registry.h" />
    <ClInclude Include="src\Triton\Serialize\Serialize.h" />
    <ClInclude Include="src\Triton\Managers\SceneManager.h" />
    <ClInclude Include="src\Triton\Core\Graphics\Lighting\SpotLight.h" />
    <ClInclude Include="src\Triton\Core\Graphics\Lighting\PointLight.h" />
    <ClInclude Include="src\Triton\Core\Graphics\Lighting\Light.h" />
    <ClInclude Include="src\Triton\Core\Graphics\Lighting\DirectionalLight.h" />
    <ClInclude Include="src\Triton\Core\Wrapers\Material.h" />
    <ClInclude Include="src\Triton\Core\Asset\Asset.h" />
    <ClInclude Include="src\Triton\Core\Wrapers\Mesh.h" />
  </ItemGroup>
  <ItemGroup>
    <ClCompile Include="src\TRpch.cpp" />
    <ClCompile Include="src\Triton\Application.cpp">
      <Filter>Triton</Filter>
    </ClCompile>
    <ClCompile Include="src\Triton\Events\EventManager.cpp">
      <Filter>Triton\Events</Filter>
    </ClCompile>
    <ClCompile Include="src\Triton\Events\EventReceiver.cpp">
      <Filter>Triton\Events</Filter>
    </ClCompile>
    <ClCompile Include="src\Triton\Events\Events.cpp">
      <Filter>Triton\Events</Filter>
    </ClCompile>
    <ClCompile Include="src\Triton\File\File.cpp">
      <Filter>Triton\File</Filter>
    </ClCompile>
    <ClCompile Include="src\Triton\Logger\Log.cpp">
      <Filter>Triton\Logger</Filter>
    </ClCompile>
    <ClCompile Include="src\TritonTypes\mathematical.cpp" />
    <ClCompile Include="src\Triton\Camera\Camera.cpp" />
    <ClCompile Include="src\Triton\Core\Scene.cpp" />
    <ClCompile Include="src\Triton\Managers\SceneManager.cpp" />
    <ClCompile Include="src\Triton\Core\Graphics\Lighting\SpotLight.cpp" />
    <ClCompile Include="src\Triton\Core\Graphics\Lighting\PointLight.cpp" />
    <ClCompile Include="src\Triton\Core\Graphics\Lighting\Light.cpp" />
    <ClCompile Include="src\Triton\Core\Graphics\Lighting\DirectionalLight.cpp" />
    <ClCompile Include="src\Triton\Core\Wrapers\Material.cpp" />
    <ClCompile Include="src\Triton\Core\Wrapers\Mesh.cpp" />
    <ClCompile Include="src\Triton\Core\Asset\Asset.cpp" />
  </ItemGroup>
</Project>