<?xml version="1.0" encoding="utf-8"?>
<Project ToolsVersion="4.0" xmlns="http://schemas.microsoft.com/developer/msbuild/2003">
  <ItemGroup>
    <Filter Include="CrossTypes">
      <UniqueIdentifier>{0454463B-F00B-8888-5913-61E445EA2279}</UniqueIdentifier>
    </Filter>
    <Filter Include="DirectX">
      <UniqueIdentifier>{D86A6D73-444A-EC0E-4D62-77E5B9C05270}</UniqueIdentifier>
    </Filter>
    <Filter Include="DirectX\BasicTypes">
      <UniqueIdentifier>{3E078CB2-2AEB-4C08-934B-475B7F4E378A}</UniqueIdentifier>
    </Filter>
    <Filter Include="OpenGL">
      <UniqueIdentifier>{8A864AC8-7628-759E-5FE3-88F24B24FCEE}</UniqueIdentifier>
    </Filter>
  </ItemGroup>
  <ItemGroup>
    <ClInclude Include="src\TritonPlatform\CrossTypes\Base.h">
      <Filter>CrossTypes</Filter>
    </ClInclude>
    <ClInclude Include="src\TritonPlatform\CrossTypes\Bitmap.h">
      <Filter>CrossTypes</Filter>
    </ClInclude>
    <ClInclude Include="src\TritonPlatform\CrossTypes\Factory.h">
      <Filter>CrossTypes</Filter>
    </ClInclude>
    <ClInclude Include="src\TritonPlatform\CrossTypes\Shader.h">
      <Filter>CrossTypes</Filter>
    </ClInclude>
    <ClInclude Include="src\TritonPlatform\CrossTypes\Texture.h">
      <Filter>CrossTypes</Filter>
    </ClInclude>
    <ClInclude Include="src\TritonPlatform\CrossTypes\Types.h">
      <Filter>CrossTypes</Filter>
    </ClInclude>
    <ClInclude Include="src\TritonPlatform\CrossTypes\VAO.h">
      <Filter>CrossTypes</Filter>
    </ClInclude>
    <ClInclude Include="src\TritonPlatform\DirectX\BasicTypes\DXBitmap.h">
      <Filter>DirectX\BasicTypes</Filter>
    </ClInclude>
    <ClInclude Include="src\TritonPlatform\DirectX\BasicTypes\DXFramebuffer.h">
      <Filter>DirectX\BasicTypes</Filter>
    </ClInclude>
    <ClInclude Include="src\TritonPlatform\DirectX\BasicTypes\DXShader.h">
      <Filter>DirectX\BasicTypes</Filter>
    </ClInclude>
    <ClInclude Include="src\TritonPlatform\DirectX\BasicTypes\DXTexture.h">
      <Filter>DirectX\BasicTypes</Filter>
    </ClInclude>
    <ClInclude Include="src\TritonPlatform\DirectX\BasicTypes\DXVAO.h">
      <Filter>DirectX\BasicTypes</Filter>
    </ClInclude>
    <ClInclude Include="src\TritonPlatform\DirectX\DXContext.h">
      <Filter>DirectX</Filter>
    </ClInclude>
    <ClInclude Include="src\TritonPlatform\DirectX\DXFactory.h">
      <Filter>DirectX</Filter>
    </ClInclude>
    <ClInclude Include="src\TritonPlatform\DirectX\DXManip.h">
      <Filter>DirectX</Filter>
    </ClInclude>
    <ClInclude Include="src\TritonPlatform\DirectX\DXRenderer.h">
      <Filter>DirectX</Filter>
    </ClInclude>
    <ClInclude Include="src\TritonPlatform\DirectX\DXSpecific.h">
      <Filter>DirectX</Filter>
    </ClInclude>
    <ClInclude Include="src\TritonPlatform\DirectX\DXTypes.h">
      <Filter>DirectX</Filter>
    </ClInclude>
    <ClInclude Include="src\TritonPlatform\DirectX\DXWindow.h">
      <Filter>DirectX</Filter>
    </ClInclude>
    <ClInclude Include="src\TritonPlatform\DirectX\Macros.h">
      <Filter>DirectX</Filter>
    </ClInclude>
    <ClInclude Include="src\TritonPlatform\OpenGL\Factory.h">
      <Filter>OpenGL</Filter>
    </ClInclude>
    <ClInclude Include="src\TritonPlatform\OpenGL\Init.h">
      <Filter>OpenGL</Filter>
    </ClInclude>
    <ClInclude Include="src\TritonPlatform\OpenGL\Macros.h">
      <Filter>OpenGL</Filter>
    </ClInclude>
    <ClInclude Include="src\TritonPlatform\OpenGL\Renderer.h">
      <Filter>OpenGL</Filter>
    </ClInclude>
    <ClInclude Include="src\TritonPlatform\OpenGL\Shader.h">
      <Filter>OpenGL</Filter>
    </ClInclude>
    <ClInclude Include="src\TritonPlatform\OpenGL\Specific.h">
      <Filter>OpenGL</Filter>
    </ClInclude>
    <ClInclude Include="src\TritonPlatform\OpenGL\Texture.h">
      <Filter>OpenGL</Filter>
    </ClInclude>
    <ClInclude Include="src\TritonPlatform\OpenGL\Types.h">
      <Filter>OpenGL</Filter>
    </ClInclude>
    <ClInclude Include="src\TritonPlatform\OpenGL\VAO.h">
      <Filter>OpenGL</Filter>
    </ClInclude>
    <ClInclude Include="src\TritonPlatform\OpenGL\Window.h">
      <Filter>OpenGL</Filter>
    </ClInclude>
    <ClInclude Include="src\TritonPlatform\PlatformAbstraction.h" />
    <ClInclude Include="src\TritonPlatform\mathematical.h" />
  </ItemGroup>
  <ItemGroup>
    <ClCompile Include="src\TritonPlatform\CrossTypes\Shader.cpp">
      <Filter>CrossTypes</Filter>
    </ClCompile>
    <ClCompile Include="src\TritonPlatform\DirectX\BasicTypes\DXBitmap.cpp">
      <Filter>DirectX\BasicTypes</Filter>
    </ClCompile>
    <ClCompile Include="src\TritonPlatform\DirectX\BasicTypes\DXFramebuffer.cpp">
      <Filter>DirectX\BasicTypes</Filter>
    </ClCompile>
    <ClCompile Include="src\TritonPlatform\DirectX\BasicTypes\DXShader.cpp">
      <Filter>DirectX\BasicTypes</Filter>
    </ClCompile>
    <ClCompile Include="src\TritonPlatform\DirectX\BasicTypes\DXTexture.cpp">
      <Filter>DirectX\BasicTypes</Filter>
    </ClCompile>
    <ClCompile Include="src\TritonPlatform\DirectX\BasicTypes\DXVAO.cpp">
      <Filter>DirectX\BasicTypes</Filter>
    </ClCompile>
    <ClCompile Include="src\TritonPlatform\DirectX\DXContext.cpp">
      <Filter>DirectX</Filter>
    </ClCompile>
    <ClCompile Include="src\TritonPlatform\DirectX\DXFactory.cpp">
      <Filter>DirectX</Filter>
    </ClCompile>
    <ClCompile Include="src\TritonPlatform\DirectX\DXManip.cpp">
      <Filter>DirectX</Filter>
    </ClCompile>
    <ClCompile Include="src\TritonPlatform\DirectX\DXRenderer.cpp">
      <Filter>DirectX</Filter>
    </ClCompile>
    <ClCompile Include="src\TritonPlatform\DirectX\DXWindow.cpp">
      <Filter>DirectX</Filter>
    </ClCompile>
    <ClCompile Include="src\TritonPlatform\PlatformAbstraction.cpp" />
    <ClCompile Include="src\TritonPlatform\mathematical.cpp" />
  </ItemGroup>
</Project>