<?xml version="1.0" encoding="utf-8"?>
<Project ToolsVersion="4.0" xmlns="http://schemas.microsoft.com/developer/msbuild/2003">
  <ItemGroup>
    <Filter Include="TritonShell">
      <UniqueIdentifier>{5D3399B6-C9E8-11AC-52DD-0B83BE9108B0}</UniqueIdentifier>
    </Filter>
    <Filter Include="TritonShell\Entity">
      <UniqueIdentifier>{0935B9EC-F518-7A42-5E79-74954A7C64C4}</UniqueIdentifier>
    </Filter>
    <Filter Include="TritonShell\Entity\Components">
      <UniqueIdentifier>{7E42295F-EA5A-1089-B307-A0221FDFA422}</UniqueIdentifier>
    </Filter>
    <Filter Include="TritonShell\Entity\Systems">
      <UniqueIdentifier>{108458E9-FC93-04BA-654D-69D8517CF352}</UniqueIdentifier>
    </Filter>
    <Filter Include="TritonShell\Tools">
      <UniqueIdentifier>{9DC92CCA-09E0-2A60-5257-B681BEACFBE7}</UniqueIdentifier>
    </Filter>
  </ItemGroup>
  <ItemGroup>
    <ClInclude Include="src\TritonShell.h" />
    <ClInclude Include="src\TritonShell\Entity\Components\TritonComponents.h">
      <Filter>TritonShell\Entity\Components</Filter>
    </ClInclude>
    <ClInclude Include="src\TritonShell\Entity\Registry.h">
      <Filter>TritonShell\Entity</Filter>
    </ClInclude>
    <ClInclude Include="src\TritonShell\Entity\Systems\TritonSystems.h">
      <Filter>TritonShell\Entity\Systems</Filter>
    </ClInclude>
    <ClInclude Include="src\TritonShell\EntryPoint.h">
      <Filter>TritonShell</Filter>
    </ClInclude>
    <ClInclude Include="src\TritonShell\ShellApplication.h">
      <Filter>TritonShell</Filter>
    </ClInclude>
    <ClInclude Include="src\TritonShell\Tools\GUIComponentVisualizer.h">
      <Filter>TritonShell\Tools</Filter>
    </ClInclude>
    <ClInclude Include="src\TritonShell\Tools\GUIConsole.h">
      <Filter>TritonShell\Tools</Filter>
    </ClInclude>
    <ClInclude Include="src\TritonShell\Config.h" />
    <ClInclude Include="src\TritonShell\Camera\Camera.h" />
  </ItemGroup>
  <ItemGroup>
    <ClCompile Include="src\TritonShell\Entity\Systems\TritonSystems.cpp">
      <Filter>TritonShell\Entity\Systems</Filter>
    </ClCompile>
    <ClCompile Include="src\TritonShell\ShellApplication.cpp">
      <Filter>TritonShell</Filter>
    </ClCompile>
    <ClCompile Include="src\TritonShell\Tools\GUIComponentVisualizer.cpp">
      <Filter>TritonShell\Tools</Filter>
    </ClCompile>
    <ClCompile Include="src\TritonShell\Tools\GUIConsole.cpp">
      <Filter>TritonShell\Tools</Filter>
    </ClCompile>
    <ClCompile Include="src\TritonShell\Camera\Camera.cpp" />
  </ItemGroup>
</Project>