<?xml version="1.0" encoding="utf-8"?>
<Project ToolsVersion="4.0" xmlns="http://schemas.microsoft.com/developer/msbuild/2003">
  <ItemGroup>
    <Filter Include="Triton">
      <UniqueIdentifier>{05D31AD4-F174-45AA-DA2F-59FEC670CCFA}</UniqueIdentifier>
    </Filter>
    <Filter Include="Triton\Camera">
      <UniqueIdentifier>{DD2FEC97-49F0-67CE-122B-B14B7EAAACAA}</UniqueIdentifier>
    </Filter>
    <Filter Include="Triton\Core">
      <UniqueIdentifier>{7DA2F9B3-E957-72A9-724C-6C80DE0069AD}</UniqueIdentifier>
    </Filter>
    <Filter Include="Triton\Core\Asset">
      <UniqueIdentifier>{CC80D66D-3897-D403-810E-6025ED63A58B}</UniqueIdentifier>
    </Filter>
    <Filter Include="Triton\Core\GameWindow">
      <UniqueIdentifier>{3ED4BB15-2ACE-E467-133B-7B78FFD34AD4}</UniqueIdentifier>
    </Filter>
    <Filter Include="Triton\Core\Graphics">
      <UniqueIdentifier>{5D870C00-4916-96C9-F234-AAC4DEA2A66F}</UniqueIdentifier>
    </Filter>
    <Filter Include="Triton\Core\Graphics\Lighting">
      <UniqueIdentifier>{82B3D0E8-EECB-B712-B778-47AC23504CAC}</UniqueIdentifier>
    </Filter>
    <Filter Include="Triton\Core\Input">
      <UniqueIdentifier>{3C7C646E-A892-6204-F109-EE255D5F338C}</UniqueIdentifier>
    </Filter>
    <Filter Include="Triton\Core\Wrapers">
      <UniqueIdentifier>{301266D7-9C73-43E5-25E1-899791417AA4}</UniqueIdentifier>
    </Filter>
    <Filter Include="Triton\Entity">
      <UniqueIdentifier>{B1A7859D-1D68-01D4-E6A2-4A51522246B0}</UniqueIdentifier>
    </Filter>
    <Filter Include="Triton\Entity\Components">
      <UniqueIdentifier>{26BCBFF7-12E1-0E78-3B2C-F40727B00D96}</UniqueIdentifier>
    </Filter>
    <Filter Include="Triton\Events">
      <UniqueIdentifier>{49470E9E-B507-8AD4-7E42-D351EAC1CEB0}</UniqueIdentifier>
    </Filter>
    <Filter Include="Triton\File">
      <UniqueIdentifier>{542DFBB3-C0E2-73A9-49D7-6D80B58B6AAD}</UniqueIdentifier>
    </Filter>
    <Filter Include="Triton\Logger">
      <UniqueIdentifier>{34B1E4AD-A071-60E4-69AC-A961D52BA5C0}</UniqueIdentifier>
    </Filter>
    <Filter Include="Triton\Managers">
      <UniqueIdentifier>{82CA5080-EE55-BE44-F766-413963711A45}</UniqueIdentifier>
    </Filter>
    <Filter Include="Triton\Script">
      <UniqueIdentifier>{A9B965BD-157A-E1F3-DEB4-2A714A3426D0}</UniqueIdentifier>
    </Filter>
    <Filter Include="Triton\Script\Impl">
      <UniqueIdentifier>{2A9195FC-1675-5652-7FD5-50A56BD840D4}</UniqueIdentifier>
    </Filter>
    <Filter Include="Triton\Serialize">
      <UniqueIdentifier>{FC6A853C-E863-A48E-1196-8913FDED839A}</UniqueIdentifier>
    </Filter>
    <Filter Include="Triton\Utility">
      <UniqueIdentifier>{48C6172B-3494-0B31-1D28-7C570995E795}</UniqueIdentifier>
    </Filter>
    <Filter Include="TritonTypes">
      <UniqueIdentifier>{3ACCB4B6-A681-2DAC-2F76-27839B2A24B0}</UniqueIdentifier>
    </Filter>
    <Filter Include="TritonTypes\Interfaces">
      <UniqueIdentifier>{4DD828D2-39D2-5124-223F-E8340ED8B790}</UniqueIdentifier>
    </Filter>
  </ItemGroup>
  <ItemGroup>
    <ClInclude Include="src\TRpch.h" />
    <ClInclude Include="src\Triton.h" />
    <ClInclude Include="src\Triton\AppSettings.h">
      <Filter>Triton</Filter>
    </ClInclude>
    <ClInclude Include="src\Triton\Camera\Camera.h">
      <Filter>Triton\Camera</Filter>
    </ClInclude>
    <ClInclude Include="src\Triton\Config.h">
      <Filter>Triton</Filter>
    </ClInclude>
    <ClInclude Include="src\Triton\Core\Asset\Asset.h">
      <Filter>Triton\Core\Asset</Filter>
    </ClInclude>
    <ClInclude Include="src\Triton\Core\GameWindow\GameWindow.h">
      <Filter>Triton\Core\GameWindow</Filter>
    </ClInclude>
    <ClInclude Include="src\Triton\Core\Graphics\Layers.h">
      <Filter>Triton\Core\Graphics</Filter>
    </ClInclude>
    <ClInclude Include="src\Triton\Core\Graphics\Lighting\DirectionalLight.h">
      <Filter>Triton\Core\Graphics\Lighting</Filter>
    </ClInclude>
    <ClInclude Include="src\Triton\Core\Graphics\Lighting\Light.h">
      <Filter>Triton\Core\Graphics\Lighting</Filter>
    </ClInclude>
    <ClInclude Include="src\Triton\Core\Graphics\Lighting\PointLight.h">
      <Filter>Triton\Core\Graphics\Lighting</Filter>
    </ClInclude>
    <ClInclude Include="src\Triton\Core\Graphics\Lighting\SpotLight.h">
      <Filter>Triton\Core\Graphics\Lighting</Filter>
    </ClInclude>
    <ClInclude Include="src\Triton\Core\Input\InputManager.h">
      <Filter>Triton\Core\Input</Filter>
    </ClInclude>
    <ClInclude Include="src\Triton\Core\Input\Keyboard.h">
      <Filter>Triton\Core\Input</Filter>
    </ClInclude>
    <ClInclude Include="src\Triton\Core\Input\Mouse.h">
      <Filter>Triton\Core\Input</Filter>
    </ClInclude>
    <ClInclude Include="src\Triton\Core\RenderBuffer.h">
      <Filter>Triton\Core</Filter>
    </ClInclude>
    <ClInclude Include="src\Triton\Core\Scene.h">
      <Filter>Triton\Core</Filter>
    </ClInclude>
    <ClInclude Include="src\Triton\Core\TritonClass.h">
      <Filter>Triton\Core</Filter>
    </ClInclude>
    <ClInclude Include="src\Triton\Core\TritonClassParams.h">
      <Filter>Triton\Core</Filter>
    </ClInclude>
    <ClInclude Include="src\Triton\Core\Wrapers\Image.h">
      <Filter>Triton\Core\Wrapers</Filter>
    </ClInclude>
    <ClInclude Include="src\Triton\Core\Wrapers\Material.h">
      <Filter>Triton\Core\Wrapers</Filter>
    </ClInclude>
    <ClInclude Include="src\Triton\Core\Wrapers\Mesh.h">
      <Filter>Triton\Core\Wrapers</Filter>
    </ClInclude>
    <ClInclude Include="src\Triton\Core\Wrapers\PlainTexture.h">
      <Filter>Triton\Core\Wrapers</Filter>
    </ClInclude>
    <ClInclude Include="src\Triton\Core\Wrapers\ShaderProgram.h">
      <Filter>Triton\Core\Wrapers</Filter>
    </ClInclude>
    <ClInclude Include="src\Triton\Core\Wrapers\Viewport.h">
      <Filter>Triton\Core\Wrapers</Filter>
    </ClInclude>
    <ClInclude Include="src\Triton\Entity\Components\TritonComponents.h">
      <Filter>Triton\Entity\Components</Filter>
    </ClInclude>
    <ClInclude Include="src\Triton\Entity\GameObject.h">
      <Filter>Triton\Entity</Filter>
    </ClInclude>
    <ClInclude Include="src\Triton\Entity\Registry.h">
      <Filter>Triton\Entity</Filter>
    </ClInclude>
    <ClInclude Include="src\Triton\Events\ApplicationEvent.h">
      <Filter>Triton\Events</Filter>
    </ClInclude>
    <ClInclude Include="src\Triton\Events\EventInterface.h">
      <Filter>Triton\Events</Filter>
    </ClInclude>
    <ClInclude Include="src\Triton\Events\EventManager.h">
      <Filter>Triton\Events</Filter>
    </ClInclude>
    <ClInclude Include="src\Triton\Events\Events.h">
      <Filter>Triton\Events</Filter>
    </ClInclude>
    <ClInclude Include="src\Triton\Events\KeyEvent.h">
      <Filter>Triton\Events</Filter>
    </ClInclude>
    <ClInclude Include="src\Triton\Events\MouseEvent.h">
      <Filter>Triton\Events</Filter>
    </ClInclude>
    <ClInclude Include="src\Triton\File\File.h">
      <Filter>Triton\File</Filter>
    </ClInclude>
    <ClInclude Include="src\Triton\Limits.h">
      <Filter>Triton</Filter>
    </ClInclude>
    <ClInclude Include="src\Triton\Logger\Log.h">
      <Filter>Triton\Logger</Filter>
    </ClInclude>
    <ClInclude Include="src\Triton\Managers\AssetManager.h">
      <Filter>Triton\Managers</Filter>
    </ClInclude>
    <ClInclude Include="src\Triton\Managers\GameObjectManager.h">
      <Filter>Triton\Managers</Filter>
    </ClInclude>
    <ClInclude Include="src\Triton\Managers\ManagerBase.h">
      <Filter>Triton\Managers</Filter>
    </ClInclude>
    <ClInclude Include="src\Triton\Managers\ThreadManager.h">
      <Filter>Triton\Managers</Filter>
    </ClInclude>
    <ClInclude Include="src\Triton\Managers\TritonCache.h">
      <Filter>Triton\Managers</Filter>
    </ClInclude>
    <ClInclude Include="src\Triton\Script\Impl\Assembly.h">
      <Filter>Triton\Script\Impl</Filter>
    </ClInclude>
    <ClInclude Include="src\Triton\Script\Impl\ClassDefs.h">
      <Filter>Triton\Script\Impl</Filter>
    </ClInclude>
    <ClInclude Include="src\Triton\Script\Impl\Enum.h">
      <Filter>Triton\Script\Impl</Filter>
    </ClInclude>
    <ClInclude Include="src\Triton\Script\Impl\Interop.h">
      <Filter>Triton\Script\Impl</Filter>
    </ClInclude>
    <ClInclude Include="src\Triton\Script\Impl\Object.h">
      <Filter>Triton\Script\Impl</Filter>
    </ClInclude>
    <ClInclude Include="src\Triton\Script\Impl\TritonEngine.h">
      <Filter>Triton\Script\Impl</Filter>
    </ClInclude>
    <ClInclude Include="src\Triton\Script\ScriptEngine.h">
      <Filter>Triton\Script</Filter>
    </ClInclude>
    <ClInclude Include="src\Triton\Serialize\Serialize.h">
      <Filter>Triton\Serialize</Filter>
    </ClInclude>
    <ClInclude Include="src\Triton\TRMacros.h">
      <Filter>Triton</Filter>
    </ClInclude>
    <ClInclude Include="src\Triton\TritonHost.h">
      <Filter>Triton</Filter>
    </ClInclude>
    <ClInclude Include="src\Triton\Utility\Algorithm.h">
      <Filter>Triton\Utility</Filter>
    </ClInclude>
    <ClInclude Include="src\Triton\Utility\ClassGetters.h">
      <Filter>Triton\Utility</Filter>
    </ClInclude>
    <ClInclude Include="src\Triton\Utility\Utility.h">
      <Filter>Triton\Utility</Filter>
    </ClInclude>
    <ClInclude Include="src\TritonTypes\Interfaces\ISerializable.h">
      <Filter>TritonTypes\Interfaces</Filter>
    </ClInclude>
    <ClInclude Include="src\TritonTypes\Interfaces\IStateChanger.h">
      <Filter>TritonTypes\Interfaces</Filter>
    </ClInclude>
    <ClInclude Include="src\TritonTypes\data_collection.h">
      <Filter>TritonTypes</Filter>
    </ClInclude>
    <ClInclude Include="src\TritonTypes\reference.h">
      <Filter>TritonTypes</Filter>
    </ClInclude>
    <ClInclude Include="src\TritonTypes\relay_ptr.h">
      <Filter>TritonTypes</Filter>
    </ClInclude>
    <ClInclude Include="src\Triton\TritonProj.h" />
    <ClInclude Include="src\Triton\Serialize\Impl\Asset.h" />
  </ItemGroup>
  <ItemGroup>
    <ClCompile Include="src\TRpch.cpp" />
    <ClCompile Include="src\Triton\Camera\Camera.cpp">
      <Filter>Triton\Camera</Filter>
    </ClCompile>
    <ClCompile Include="src\Triton\Core\Asset\Asset.cpp">
      <Filter>Triton\Core\Asset</Filter>
    </ClCompile>
    <ClCompile Include="src\Triton\Core\GameWindow\GameWindow.cpp">
      <Filter>Triton\Core\GameWindow</Filter>
    </ClCompile>
    <ClCompile Include="src\Triton\Core\Graphics\Lighting\DirectionalLight.cpp">
      <Filter>Triton\Core\Graphics\Lighting</Filter>
    </ClCompile>
    <ClCompile Include="src\Triton\Core\Graphics\Lighting\Light.cpp">
      <Filter>Triton\Core\Graphics\Lighting</Filter>
    </ClCompile>
    <ClCompile Include="src\Triton\Core\Graphics\Lighting\PointLight.cpp">
      <Filter>Triton\Core\Graphics\Lighting</Filter>
    </ClCompile>
    <ClCompile Include="src\Triton\Core\Graphics\Lighting\SpotLight.cpp">
      <Filter>Triton\Core\Graphics\Lighting</Filter>
    </ClCompile>
    <ClCompile Include="src\Triton\Core\Input\InputManager.cpp">
      <Filter>Triton\Core\Input</Filter>
    </ClCompile>
    <ClCompile Include="src\Triton\Core\RenderBuffer.cpp">
      <Filter>Triton\Core</Filter>
    </ClCompile>
    <ClCompile Include="src\Triton\Core\Scene.cpp">
      <Filter>Triton\Core</Filter>
    </ClCompile>
    <ClCompile Include="src\Triton\Core\TritonClass.cpp">
      <Filter>Triton\Core</Filter>
    </ClCompile>
    <ClCompile Include="src\Triton\Core\Wrapers\Image.cpp">
      <Filter>Triton\Core\Wrapers</Filter>
    </ClCompile>
    <ClCompile Include="src\Triton\Core\Wrapers\Material.cpp">
      <Filter>Triton\Core\Wrapers</Filter>
    </ClCompile>
    <ClCompile Include="src\Triton\Core\Wrapers\Mesh.cpp">
      <Filter>Triton\Core\Wrapers</Filter>
    </ClCompile>
    <ClCompile Include="src\Triton\Core\Wrapers\PlainTexture.cpp">
      <Filter>Triton\Core\Wrapers</Filter>
    </ClCompile>
    <ClCompile Include="src\Triton\Core\Wrapers\ShaderProgram.cpp">
      <Filter>Triton\Core\Wrapers</Filter>
    </ClCompile>
    <ClCompile Include="src\Triton\Core\Wrapers\Viewport.cpp">
      <Filter>Triton\Core\Wrapers</Filter>
    </ClCompile>
    <ClCompile Include="src\Triton\Entity\GameObject.cpp">
      <Filter>Triton\Entity</Filter>
    </ClCompile>
    <ClCompile Include="src\Triton\Events\EventInterface.cpp">
      <Filter>Triton\Events</Filter>
    </ClCompile>
    <ClCompile Include="src\Triton\Events\EventManager.cpp">
      <Filter>Triton\Events</Filter>
    </ClCompile>
    <ClCompile Include="src\Triton\Events\Events.cpp">
      <Filter>Triton\Events</Filter>
    </ClCompile>
    <ClCompile Include="src\Triton\File\File.cpp">
      <Filter>Triton\File</Filter>
    </ClCompile>
    <ClCompile Include="src\Triton\Logger\Log.cpp">
      <Filter>Triton\Logger</Filter>
    </ClCompile>
    <ClCompile Include="src\Triton\Managers\AssetManager.cpp">
      <Filter>Triton\Managers</Filter>
    </ClCompile>
    <ClCompile Include="src\Triton\Managers\GameObjectManager.cpp">
      <Filter>Triton\Managers</Filter>
    </ClCompile>
    <ClCompile Include="src\Triton\Managers\ThreadManager.cpp">
      <Filter>Triton\Managers</Filter>
    </ClCompile>
    <ClCompile Include="src\Triton\Managers\TritonCache.cpp">
      <Filter>Triton\Managers</Filter>
    </ClCompile>
    <ClCompile Include="src\Triton\Script\ScriptEngine.cpp">
      <Filter>Triton\Script</Filter>
    </ClCompile>
    <ClCompile Include="src\Triton\TritonHost.cpp">
      <Filter>Triton</Filter>
    </ClCompile>
    <ClCompile Include="src\Triton\Utility\Algorithm.cpp">
      <Filter>Triton\Utility</Filter>
    </ClCompile>
    <ClCompile Include="src\Triton\Utility\Utility.cpp">
      <Filter>Triton\Utility</Filter>
    </ClCompile>
    <ClCompile Include="src\Triton\TritonProj.cpp" />
  </ItemGroup>
</Project>